<Solution>
  <Folder Name="/Gateway/">
    <Project Path="src/Gateway/GameVault.WebEdge.Api/GameVault.WebEdge.Api.csproj" />
  </Folder>
  <Folder Name="/Catalog/">
    <Project Path="src/Services/GameVault.Catalog/GameVault.Catalog.Api/GameVault.Catalog.Api/GameVault.Catalog.Api.csproj" />
    <Project Path="src/Services/GameVault.Catalog/GameVault.Catalog.Application/GameVault.Catalog.Application.csproj" />
    <Project Path="src/Services/GameVault.Catalog/GameVault.Catalog.Domain/GameVault.Catalog.Domain.csproj" />
    <Project Path="src/Services/GameVault.Catalog/GameVault.Catalog.Infrastructure/GameVault.Catalog.Infrastructure.csproj" />
    <Project Path="src/Services/GameVault.Catalog/tests/GameVault.Catalog.UnitTests/GameVault.Catalog.UnitTests.csproj">
      <Build Solution="Debug|*" Project="false" />
    </Project>
    <Project Path="src/Services/GameVault.Catalog/tests/GameVault.Catalog.IntegrationTests/GameVault.Catalog.IntegrationTests.csproj">
      <Build Solution="Debug|*" Project="false" />
    </Project>
  </Folder>
  <Folder Name="/Customer/">
    <Project Path="src/Services/GameVault.Customer/GameVault.Customer.Api/GameVault.Customer.Api/GameVault.Customer.Api.csproj" />
    <Project Path="src/Services/GameVault.Customer/GameVault.Customer.Application/GameVault.Customer.Application.csproj" />
    <Project Path="src/Services/GameVault.Customer/GameVault.Customer.Domain/GameVault.Customer.Domain.csproj" />
    <Project Path="src/Services/GameVault.Customer/GameVault.Customer.Infrastructure/GameVault.Customer.Infrastructure.csproj" />
    <Project Path="src/Services/GameVault.Customer/tests/GameVault.Customer.UnitTests/GameVault.Customer.UnitTests.csproj" />
    <Project Path="src/Services/GameVault.Customer/tests/GameVault.Customer.IntegrationTests/GameVault.Customer.IntegrationTests.csproj" />
  </Folder>
  <Folder Name="/Order/">
    <Project Path="src/Services/GameVault.Order/GameVault.Order.Api/GameVault.Order.Api/GameVault.Order.Api.csproj" />
    <Project Path="src/Services/GameVault.Order/GameVault.Order.Application/GameVault.Order.Application.csproj" />
    <Project Path="src/Services/GameVault.Order/GameVault.Order.Domain/GameVault.Order.Domain.csproj" />
    <Project Path="src/Services/GameVault.Order/GameVault.Order.Infrastructure/GameVault.Order.Infrastructure.csproj" />
    <Project Path="src/Services/GameVault.Order/tests/GameVault.Order.UnitTests/GameVault.Order.UnitTests.csproj" />
    <Project Path="src/Services/GameVault.Order/tests/GameVault.Order.IntegrationTests/GameVault.Order.IntegrationTests.csproj" />
  </Folder>
  <Folder Name="/Notifications/">
    <Project Path="src/Services/GameVault.Notifications/GameVault.Notifications.Api/GameVault.Notifications.Api/GameVault.Notifications.Api.csproj" />
    <Project Path="src/Services/GameVault.Notifications/GameVault.Notifications.Application/GameVault.Notifications.Application.csproj" />
    <Project Path="src/Services/GameVault.Notifications/GameVault.Notifications.Domain/GameVault.Notifications.Domain.csproj" />
    <Project Path="src/Services/GameVault.Notifications/GameVault.Notifications.Infrastructure/GameVault.Notifications.Infrastructure.csproj" />
    <Project Path="src/Services/GameVault.Notifications/tests/GameVault.Notifications.UnitTests/GameVault.Notifications.UnitTests.csproj">
      <Build Solution="Debug|*" Project="false" />
    </Project>
    <Project Path="src/Services/GameVault.Notifications/tests/GameVault.Notifications.IntegrationTests/GameVault.Notifications.IntegrationTests.csproj">
      <Build Solution="Debug|*" Project="false" />
    </Project>
  </Folder>
  <Folder Name="/SharedLibraries/">
    <Project Path="src/SharedLibraries/GameVault.Common/GameVault.Contracts/GameVault.Contracts.csproj" />
    <Project Path="src/SharedLibraries/GameVault.Common/GameVault.Core/GameVault.Core.csproj" />
    <Project Path="src/SharedLibraries/GameVault.Common/GameVault.SharedKernel/GameVault.SharedKernel.csproj" />
  </Folder>
</Solution>
