<Solution>
  <Folder Name="/src/">
    <Project Path="GameVault.Customer.Api/GameVault.Customer.Api/GameVault.Customer.Api.csproj" />
    <Project Path="GameVault.Customer.Application/GameVault.Customer.Application.csproj" />
    <Project Path="GameVault.Customer.Domain/GameVault.Customer.Domain.csproj" />
    <Project Path="GameVault.Customer.Infrastructure/GameVault.Customer.Infrastructure.csproj" />
  </Folder>
  <Folder Name="/tests/" />
</Solution>
